# THIS IS AN AUTOGENERATED FILE. DO NOT EDIT THIS FILE DIRECTLY.
# yarn lockfile v1


"@sweet-monads/either@^2.0.0":
  version "2.0.0"
  resolved "https://registry.yarnpkg.com/@sweet-monads/either/-/either-2.0.0.tgz#ab44361cbea3afaa78634f0057b559b8e61f0d02"
  integrity sha512-DaEtkSpkEgQcE7ayhC6QCP7JFW3wFCRPABiCuBFaWGN7zAAaV2+S0Ggi5LKvYJgk7GJrgLnNsGJQWGD6txS2wA==
  dependencies:
    "@sweet-monads/interfaces" "^1.1.1"

"@sweet-monads/interfaces@^1.1.1":
  version "1.2.0"
  resolved "https://registry.yarnpkg.com/@sweet-monads/interfaces/-/interfaces-1.2.0.tgz#8351e06b184c89eac37298f43b25c6cedc2a0694"
  integrity sha512-N59NkTkY2sGLfC/hcbOztRUn7AiabXvpSB6DtJWhxwppq2HPcR9HclvArHPU8Zbsy6ZnulN1r/pQrpX8IDR3Kw==

"@types/lodash@^4.14.152":
  version "4.14.152"
  resolved "https://registry.yarnpkg.com/@types/lodash/-/lodash-4.14.152.tgz#7e7679250adce14e749304cdb570969f77ec997c"
  integrity sha512-Vwf9YF2x1GE3WNeUMjT5bTHa2DqgUo87ocdgTScupY2JclZ5Nn7W2RLM/N0+oreexUk8uaVugR81NnTY/jNNXg==

lodash@^4.17.15:
  version "4.17.15"
  resolved "https://registry.yarnpkg.com/lodash/-/lodash-4.17.15.tgz#b447f6670a0455bbfeedd11392eff330ea097548"
  integrity sha512-8xOcRHvCjnocdS5cpwXQXVzmmh5e5+saE2QGoeQmbKmRS6J3VQppPOIt0MnmE+4xlZoumy0GPG0D0MVIQbNA1A==
